
Microsoft Visual Studio Solution File, Format Version 11.00
# Visual Studio 2010
Project("{FAE04EC0-301F-11D3-BF4B-00C04F79EFBC}") = "CsAddition", "CsAddition\CsAddition.csproj", "{A3D0A662-3594-4810-B257-5E2DE61AB1C6}"
EndProject
Project("{2150E333-8FDC-42A3-9474-1A3956D46DE8}") = "Solution Items", "Solution Items", "{2521EFA1-7194-43DA-9542-65DDCE0FC920}"
	ProjectSection(SolutionItems) = preProject
		CsAddition.vsmdi = CsAddition.vsmdi
		Local.testsettings = Local.testsettings
		TraceAndTestImpact.testsettings = TraceAndTestImpact.testsettings
	EndProjectSection
EndProject
Project("{F184B08F-C81C-45F6-A57F-5ABD9991F28F}") = "TestVb", "TestVb\TestVb.vbproj", "{C82F04B2-E7EE-4C3C-A6FB-563F740C3451}"
EndProject
Global
	GlobalSection(TestCaseManagementSettings) = postSolution
		CategoryFile = CsAddition.vsmdi
	EndGlobalSection
	GlobalSection(SolutionConfigurationPlatforms) = preSolution
		Debug|Any CPU = Debug|Any CPU
		Debug|Mixed Platforms = Debug|Mixed Platforms
		Debug|x86 = Debug|x86
		Release|Any CPU = Release|Any CPU
		Release|Mixed Platforms = Release|Mixed Platforms
		Release|x86 = Release|x86
	EndGlobalSection
	GlobalSection(ProjectConfigurationPlatforms) = postSolution
		{A3D0A662-3594-4810-B257-5E2DE61AB1C6}.Debug|Any CPU.ActiveCfg = Debug|x86
		{A3D0A662-3594-4810-B257-5E2DE61AB1C6}.Debug|Mixed Platforms.ActiveCfg = Debug|x86
		{A3D0A662-3594-4810-B257-5E2DE61AB1C6}.Debug|Mixed Platforms.Build.0 = Debug|x86
		{A3D0A662-3594-4810-B257-5E2DE61AB1C6}.Debug|x86.ActiveCfg = Debug|x86
		{A3D0A662-3594-4810-B257-5E2DE61AB1C6}.Debug|x86.Build.0 = Debug|x86
		{A3D0A662-3594-4810-B257-5E2DE61AB1C6}.Release|Any CPU.ActiveCfg = Release|x86
		{A3D0A662-3594-4810-B257-5E2DE61AB1C6}.Release|Mixed Platforms.ActiveCfg = Release|x86
		{A3D0A662-3594-4810-B257-5E2DE61AB1C6}.Release|Mixed Platforms.Build.0 = Release|x86
		{A3D0A662-3594-4810-B257-5E2DE61AB1C6}.Release|x86.ActiveCfg = Release|x86
		{A3D0A662-3594-4810-B257-5E2DE61AB1C6}.Release|x86.Build.0 = Release|x86
		{C82F04B2-E7EE-4C3C-A6FB-563F740C3451}.Debug|Any CPU.ActiveCfg = Debug|Any CPU
		{C82F04B2-E7EE-4C3C-A6FB-563F740C3451}.Debug|Any CPU.Build.0 = Debug|Any CPU
		{C82F04B2-E7EE-4C3C-A6FB-563F740C3451}.Debug|Mixed Platforms.ActiveCfg = Debug|Any CPU
		{C82F04B2-E7EE-4C3C-A6FB-563F740C3451}.Debug|Mixed Platforms.Build.0 = Debug|Any CPU
		{C82F04B2-E7EE-4C3C-A6FB-563F740C3451}.Debug|x86.ActiveCfg = Debug|Any CPU
		{C82F04B2-E7EE-4C3C-A6FB-563F740C3451}.Release|Any CPU.ActiveCfg = Release|Any CPU
		{C82F04B2-E7EE-4C3C-A6FB-563F740C3451}.Release|Any CPU.Build.0 = Release|Any CPU
		{C82F04B2-E7EE-4C3C-A6FB-563F740C3451}.Release|Mixed Platforms.ActiveCfg = Release|Any CPU
		{C82F04B2-E7EE-4C3C-A6FB-563F740C3451}.Release|Mixed Platforms.Build.0 = Release|Any CPU
		{C82F04B2-E7EE-4C3C-A6FB-563F740C3451}.Release|x86.ActiveCfg = Release|Any CPU
	EndGlobalSection
	GlobalSection(SolutionProperties) = preSolution
		HideSolutionNode = FALSE
	EndGlobalSection
EndGlobal
